
Microsoft Visual Studio Solution File, Format Version 12.00
# Visual Studio 2012
Project("{FAE04EC0-301F-11D3-BF4B-00C04F79EFBC}") = "ShareTradingModel", "ShareTradingModel\ShareTradingModel.csproj", "{43F41C84-4185-4E2A-9DDC-083B5426442A}"
EndProject
Project("{FAE04EC0-301F-11D3-BF4B-00C04F79EFBC}") = "Entities", "Entities\Entities.csproj", "{625DE934-7A45-4551-8502-1D42DC7EC5E5}"
EndProject
Project("{FAE04EC0-301F-11D3-BF4B-00C04F79EFBC}") = "Repositories", "Repositories\Repositories.csproj", "{286AB70D-6298-4C91-9BD9-5841C78D1EA6}"
EndProject
Project("{FAE04EC0-301F-11D3-BF4B-00C04F79EFBC}") = "Entities.Test", "EntityTest\Entities.Test.csproj", "{67D65BBD-AF2C-4290-AB15-C91D97B3B261}"
EndProject
Project("{FAE04EC0-301F-11D3-BF4B-00C04F79EFBC}") = "ShareTradingWebsite", "ShareTradingWebsite\ShareTradingWebsite.csproj", "{C8C1AC0B-61A4-4682-8FA7-CDE376FF454A}"
EndProject
Project("{FAE04EC0-301F-11D3-BF4B-00C04F79EFBC}") = "ShareTradingWebsite.Tests", "ShareTradingWebsite.Tests\ShareTradingWebsite.Tests.csproj", "{F3F3E621-6F6D-4F36-B837-ED3BDB43EFCC}"
EndProject
Project("{FAE04EC0-301F-11D3-BF4B-00C04F79EFBC}") = "Frameworks", "Frameworks\Frameworks.csproj", "{6716E53B-F85C-43CE-B99C-E81BD070496F}"
EndProject
Global
	GlobalSection(SolutionConfigurationPlatforms) = preSolution
		Debug|Any CPU = Debug|Any CPU
		Release|Any CPU = Release|Any CPU
	EndGlobalSection
	GlobalSection(ProjectConfigurationPlatforms) = postSolution
		{43F41C84-4185-4E2A-9DDC-083B5426442A}.Debug|Any CPU.ActiveCfg = Debug|Any CPU
		{43F41C84-4185-4E2A-9DDC-083B5426442A}.Debug|Any CPU.Build.0 = Debug|Any CPU
		{43F41C84-4185-4E2A-9DDC-083B5426442A}.Release|Any CPU.ActiveCfg = Release|Any CPU
		{43F41C84-4185-4E2A-9DDC-083B5426442A}.Release|Any CPU.Build.0 = Release|Any CPU
		{625DE934-7A45-4551-8502-1D42DC7EC5E5}.Debug|Any CPU.ActiveCfg = Debug|Any CPU
		{625DE934-7A45-4551-8502-1D42DC7EC5E5}.Debug|Any CPU.Build.0 = Debug|Any CPU
		{625DE934-7A45-4551-8502-1D42DC7EC5E5}.Release|Any CPU.ActiveCfg = Release|Any CPU
		{625DE934-7A45-4551-8502-1D42DC7EC5E5}.Release|Any CPU.Build.0 = Release|Any CPU
		{286AB70D-6298-4C91-9BD9-5841C78D1EA6}.Debug|Any CPU.ActiveCfg = Debug|Any CPU
		{286AB70D-6298-4C91-9BD9-5841C78D1EA6}.Debug|Any CPU.Build.0 = Debug|Any CPU
		{286AB70D-6298-4C91-9BD9-5841C78D1EA6}.Release|Any CPU.ActiveCfg = Release|Any CPU
		{286AB70D-6298-4C91-9BD9-5841C78D1EA6}.Release|Any CPU.Build.0 = Release|Any CPU
		{67D65BBD-AF2C-4290-AB15-C91D97B3B261}.Debug|Any CPU.ActiveCfg = Debug|Any CPU
		{67D65BBD-AF2C-4290-AB15-C91D97B3B261}.Debug|Any CPU.Build.0 = Debug|Any CPU
		{67D65BBD-AF2C-4290-AB15-C91D97B3B261}.Release|Any CPU.ActiveCfg = Release|Any CPU
		{67D65BBD-AF2C-4290-AB15-C91D97B3B261}.Release|Any CPU.Build.0 = Release|Any CPU
		{C8C1AC0B-61A4-4682-8FA7-CDE376FF454A}.Debug|Any CPU.ActiveCfg = Debug|Any CPU
		{C8C1AC0B-61A4-4682-8FA7-CDE376FF454A}.Debug|Any CPU.Build.0 = Debug|Any CPU
		{C8C1AC0B-61A4-4682-8FA7-CDE376FF454A}.Release|Any CPU.ActiveCfg = Release|Any CPU
		{C8C1AC0B-61A4-4682-8FA7-CDE376FF454A}.Release|Any CPU.Build.0 = Release|Any CPU
		{F3F3E621-6F6D-4F36-B837-ED3BDB43EFCC}.Debug|Any CPU.ActiveCfg = Debug|Any CPU
		{F3F3E621-6F6D-4F36-B837-ED3BDB43EFCC}.Debug|Any CPU.Build.0 = Debug|Any CPU
		{F3F3E621-6F6D-4F36-B837-ED3BDB43EFCC}.Release|Any CPU.ActiveCfg = Release|Any CPU
		{F3F3E621-6F6D-4F36-B837-ED3BDB43EFCC}.Release|Any CPU.Build.0 = Release|Any CPU
		{6716E53B-F85C-43CE-B99C-E81BD070496F}.Debug|Any CPU.ActiveCfg = Debug|Any CPU
		{6716E53B-F85C-43CE-B99C-E81BD070496F}.Debug|Any CPU.Build.0 = Debug|Any CPU
		{6716E53B-F85C-43CE-B99C-E81BD070496F}.Release|Any CPU.ActiveCfg = Release|Any CPU
		{6716E53B-F85C-43CE-B99C-E81BD070496F}.Release|Any CPU.Build.0 = Release|Any CPU
	EndGlobalSection
	GlobalSection(SolutionProperties) = preSolution
		HideSolutionNode = FALSE
	EndGlobalSection
EndGlobal
